// !$*UTF8*$!
{
	archiveVersion = 1;
	classes = {
	};
	objectVersion = 50;
	objects = {

/* Begin PBXBuildFile section */
		49130DF925A2967600B1B95C /* MenuView.swift in Sources */ = {isa = PBXBuildFile; fileRef = 49130DF825A2967600B1B95C /* MenuView.swift */; };
		493585EB25A22C6F005B81F0 /* Library.swift in Sources */ = {isa = PBXBuildFile; fileRef = 493585EA25A22C6F005B81F0 /* Library.swift */; };
		493585EE25A23267005B81F0 /* KeyboardResponder.swift in Sources */ = {isa = PBXBuildFile; fileRef = 493585ED25A23267005B81F0 /* KeyboardResponder.swift */; };
		49D28D0725A7F1BA001CA8C7 /* Quicksand-Regular.ttf in Resources */ = {isa = PBXBuildFile; fileRef = 49D28D0225A7F1BA001CA8C7 /* Quicksand-Regular.ttf */; };
		49D28D0825A7F1BA001CA8C7 /* Quicksand-Medium.ttf in Resources */ = {isa = PBXBuildFile; fileRef = 49D28D0325A7F1BA001CA8C7 /* Quicksand-Medium.ttf */; };
		49D28D0925A7F1BA001CA8C7 /* Quicksand-SemiBold.ttf in Resources */ = {isa = PBXBuildFile; fileRef = 49D28D0425A7F1BA001CA8C7 /* Quicksand-SemiBold.ttf */; };
		49D28D0A25A7F1BA001CA8C7 /* Quicksand-Light.ttf in Resources */ = {isa = PBXBuildFile; fileRef = 49D28D0525A7F1BA001CA8C7 /* Quicksand-Light.ttf */; };
		49D28D0B25A7F1BA001CA8C7 /* Quicksand-Bold.ttf in Resources */ = {isa = PBXBuildFile; fileRef = 49D28D0625A7F1BA001CA8C7 /* Quicksand-Bold.ttf */; };
		49D6640825A0E1160091A680 /* AppDelegate.swift in Sources */ = {isa = PBXBuildFile; fileRef = 49D6640725A0E1160091A680 /* AppDelegate.swift */; };
		49D6640A25A0E1160091A680 /* SceneDelegate.swift in Sources */ = {isa = PBXBuildFile; fileRef = 49D6640925A0E1160091A680 /* SceneDelegate.swift */; };
		49D6640C25A0E1160091A680 /* QuickInfoView.swift in Sources */ = {isa = PBXBuildFile; fileRef = 49D6640B25A0E1160091A680 /* QuickInfoView.swift */; };
		49D6640F25A0E1160091A680 /* Simple_Budgeting.xcdatamodeld in Sources */ = {isa = PBXBuildFile; fileRef = 49D6640D25A0E1160091A680 /* Simple_Budgeting.xcdatamodeld */; };
		49D6641125A0E1160091A680 /* Assets.xcassets in Resources */ = {isa = PBXBuildFile; fileRef = 49D6641025A0E1160091A680 /* Assets.xcassets */; };
		49D6641425A0E1160091A680 /* Preview Assets.xcassets in Resources */ = {isa = PBXBuildFile; fileRef = 49D6641325A0E1160091A680 /* Preview Assets.xcassets */; };
		49D6641725A0E1160091A680 /* LaunchScreen.storyboard in Resources */ = {isa = PBXBuildFile; fileRef = 49D6641525A0E1160091A680 /* LaunchScreen.storyboard */; };
/* End PBXBuildFile section */

/* Begin PBXFileReference section */
		49130DF825A2967600B1B95C /* MenuView.swift */ = {isa = PBXFileReference; lastKnownFileType = sourcecode.swift; path = MenuView.swift; sourceTree = "<group>"; };
		493585EA25A22C6F005B81F0 /* Library.swift */ = {isa = PBXFileReference; lastKnownFileType = sourcecode.swift; path = Library.swift; sourceTree = "<group>"; };
		493585ED25A23267005B81F0 /* KeyboardResponder.swift */ = {isa = PBXFileReference; lastKnownFileType = sourcecode.swift; path = KeyboardResponder.swift; sourceTree = "<group>"; };
		49D28D0225A7F1BA001CA8C7 /* Quicksand-Regular.ttf */ = {isa = PBXFileReference; lastKnownFileType = file; path = "Quicksand-Regular.ttf"; sourceTree = "<group>"; };
		49D28D0325A7F1BA001CA8C7 /* Quicksand-Medium.ttf */ = {isa = PBXFileReference; lastKnownFileType = file; path = "Quicksand-Medium.ttf"; sourceTree = "<group>"; };
		49D28D0425A7F1BA001CA8C7 /* Quicksand-SemiBold.ttf */ = {isa = PBXFileReference; lastKnownFileType = file; path = "Quicksand-SemiBold.ttf"; sourceTree = "<group>"; };
		49D28D0525A7F1BA001CA8C7 /* Quicksand-Light.ttf */ = {isa = PBXFileReference; lastKnownFileType = file; path = "Quicksand-Light.ttf"; sourceTree = "<group>"; };
		49D28D0625A7F1BA001CA8C7 /* Quicksand-Bold.ttf */ = {isa = PBXFileReference; lastKnownFileType = file; path = "Quicksand-Bold.ttf"; sourceTree = "<group>"; };
		49D6640425A0E1160091A680 /* Simple Budgeting.app */ = {isa = PBXFileReference; explicitFileType = wrapper.application; includeInIndex = 0; path = "Simple Budgeting.app"; sourceTree = BUILT_PRODUCTS_DIR; };
		49D6640725A0E1160091A680 /* AppDelegate.swift */ = {isa = PBXFileReference; lastKnownFileType = sourcecode.swift; path = AppDelegate.swift; sourceTree = "<group>"; };
		49D6640925A0E1160091A680 /* SceneDelegate.swift */ = {isa = PBXFileReference; lastKnownFileType = sourcecode.swift; path = SceneDelegate.swift; sourceTree = "<group>"; };
		49D6640B25A0E1160091A680 /* QuickInfoView.swift */ = {isa = PBXFileReference; lastKnownFileType = sourcecode.swift; path = QuickInfoView.swift; sourceTree = "<group>"; };
		49D6640E25A0E1160091A680 /* Simple_Budgeting.xcdatamodel */ = {isa = PBXFileReference; lastKnownFileType = wrapper.xcdatamodel; path = Simple_Budgeting.xcdatamodel; sourceTree = "<group>"; };
		49D6641025A0E1160091A680 /* Assets.xcassets */ = {isa = PBXFileReference; lastKnownFileType = folder.assetcatalog; path = Assets.xcassets; sourceTree = "<group>"; };
		49D6641325A0E1160091A680 /* Preview Assets.xcassets */ = {isa = PBXFileReference; lastKnownFileType = folder.assetcatalog; path = "Preview Assets.xcassets"; sourceTree = "<group>"; };
		49D6641625A0E1160091A680 /* Base */ = {isa = PBXFileReference; lastKnownFileType = file.storyboard; name = Base; path = Base.lproj/LaunchScreen.storyboard; sourceTree = "<group>"; };
		49D6641825A0E1160091A680 /* Info.plist */ = {isa = PBXFileReference; lastKnownFileType = text.plist.xml; path = Info.plist; sourceTree = "<group>"; };
/* End PBXFileReference section */

/* Begin PBXFrameworksBuildPhase section */
		49D6640125A0E1160091A680 /* Frameworks */ = {
			isa = PBXFrameworksBuildPhase;
			buildActionMask = 2147483647;
			files = (
			);
			runOnlyForDeploymentPostprocessing = 0;
		};
/* End PBXFrameworksBuildPhase section */

/* Begin PBXGroup section */
		49D28D0125A7F147001CA8C7 /* Fonts */ = {
			isa = PBXGroup;
			children = (
				49D28D0625A7F1BA001CA8C7 /* Quicksand-Bold.ttf */,
				49D28D0525A7F1BA001CA8C7 /* Quicksand-Light.ttf */,
				49D28D0325A7F1BA001CA8C7 /* Quicksand-Medium.ttf */,
				49D28D0225A7F1BA001CA8C7 /* Quicksand-Regular.ttf */,
				49D28D0425A7F1BA001CA8C7 /* Quicksand-SemiBold.ttf */,
			);
			path = Fonts;
			sourceTree = "<group>";
		};
		49D663FB25A0E1160091A680 = {
			isa = PBXGroup;
			children = (
				49D6640625A0E1160091A680 /* Simple Budgeting */,
				49D6640525A0E1160091A680 /* Products */,
			);
			sourceTree = "<group>";
		};
		49D6640525A0E1160091A680 /* Products */ = {
			isa = PBXGroup;
			children = (
				49D6640425A0E1160091A680 /* Simple Budgeting.app */,
			);
			name = Products;
			sourceTree = "<group>";
		};
		49D6640625A0E1160091A680 /* Simple Budgeting */ = {
			isa = PBXGroup;
			children = (
				49D6640725A0E1160091A680 /* AppDelegate.swift */,
				49D6640925A0E1160091A680 /* SceneDelegate.swift */,
				49D6640B25A0E1160091A680 /* QuickInfoView.swift */,
				49130DF825A2967600B1B95C /* MenuView.swift */,
				493585EA25A22C6F005B81F0 /* Library.swift */,
				493585ED25A23267005B81F0 /* KeyboardResponder.swift */,
				49D6641025A0E1160091A680 /* Assets.xcassets */,
				49D6641525A0E1160091A680 /* LaunchScreen.storyboard */,
				49D6641825A0E1160091A680 /* Info.plist */,
				49D6640D25A0E1160091A680 /* Simple_Budgeting.xcdatamodeld */,
				49D28D0125A7F147001CA8C7 /* Fonts */,
				49D6641225A0E1160091A680 /* Preview Content */,
			);
			path = "Simple Budgeting";
			sourceTree = "<group>";
		};
		49D6641225A0E1160091A680 /* Preview Content */ = {
			isa = PBXGroup;
			children = (
				49D6641325A0E1160091A680 /* Preview Assets.xcassets */,
			);
			path = "Preview Content";
			sourceTree = "<group>";
		};
/* End PBXGroup section */

/* Begin PBXNativeTarget section */
		49D6640325A0E1160091A680 /* Simple Budgeting */ = {
			isa = PBXNativeTarget;
			buildConfigurationList = 49D6641B25A0E1160091A680 /* Build configuration list for PBXNativeTarget "Simple Budgeting" */;
			buildPhases = (
				49D6640025A0E1160091A680 /* Sources */,
				49D6640125A0E1160091A680 /* Frameworks */,
				49D6640225A0E1160091A680 /* Resources */,
			);
			buildRules = (
			);
			dependencies = (
			);
			name = "Simple Budgeting";
			productName = "Simple Budgeting";
			productReference = 49D6640425A0E1160091A680 /* Simple Budgeting.app */;
			productType = "com.apple.product-type.application";
		};
/* End PBXNativeTarget section */

/* Begin PBXProject section */
		49D663FC25A0E1160091A680 /* Project object */ = {
			isa = PBXProject;
			attributes = {
				LastSwiftUpdateCheck = 1230;
				LastUpgradeCheck = 1230;
				TargetAttributes = {
					49D6640325A0E1160091A680 = {
						CreatedOnToolsVersion = 12.3;
					};
				};
			};
			buildConfigurationList = 49D663FF25A0E1160091A680 /* Build configuration list for PBXProject "Simple Budgeting" */;
			compatibilityVersion = "Xcode 9.3";
			developmentRegion = en;
			hasScannedForEncodings = 0;
			knownRegions = (
				en,
				Base,
			);
			mainGroup = 49D663FB25A0E1160091A680;
			productRefGroup = 49D6640525A0E1160091A680 /* Products */;
			projectDirPath = "";
			projectRoot = "";
			targets = (
				49D6640325A0E1160091A680 /* Simple Budgeting */,
			);
		};
/* End PBXProject section */

/* Begin PBXResourcesBuildPhase section */
		49D6640225A0E1160091A680 /* Resources */ = {
			isa = PBXResourcesBuildPhase;
			buildActionMask = 2147483647;
			files = (
				49D6641725A0E1160091A680 /* LaunchScreen.storyboard in Resources */,
				49D6641425A0E1160091A680 /* Preview Assets.xcassets in Resources */,
				49D6641125A0E1160091A680 /* Assets.xcassets in Resources */,
				49D28D0A25A7F1BA001CA8C7 /* Quicksand-Light.ttf in Resources */,
				49D28D0925A7F1BA001CA8C7 /* Quicksand-SemiBold.ttf in Resources */,
				49D28D0725A7F1BA001CA8C7 /* Quicksand-Regular.ttf in Resources */,
				49D28D0825A7F1BA001CA8C7 /* Quicksand-Medium.ttf in Resources */,
				49D28D0B25A7F1BA001CA8C7 /* Quicksand-Bold.ttf in Resources */,
			);
			runOnlyForDeploymentPostprocessing = 0;
		};
/* End PBXResourcesBuildPhase section */

/* Begin PBXSourcesBuildPhase section */
		49D6640025A0E1160091A680 /* Sources */ = {
			isa = PBXSourcesBuildPhase;
			buildActionMask = 2147483647;
			files = (
				49130DF925A2967600B1B95C /* MenuView.swift in Sources */,
				49D6640825A0E1160091A680 /* AppDelegate.swift in Sources */,
				49D6640A25A0E1160091A680 /* SceneDelegate.swift in Sources */,
				49D6640C25A0E1160091A680 /* QuickInfoView.swift in Sources */,
				493585EB25A22C6F005B81F0 /* Library.swift in Sources */,
				49D6640F25A0E1160091A680 /* Simple_Budgeting.xcdatamodeld in Sources */,
				493585EE25A23267005B81F0 /* KeyboardResponder.swift in Sources */,
			);
			runOnlyForDeploymentPostprocessing = 0;
		};
/* End PBXSourcesBuildPhase section */

/* Begin PBXVariantGroup section */
		49D6641525A0E1160091A680 /* LaunchScreen.storyboard */ = {
			isa = PBXVariantGroup;
			children = (
				49D6641625A0E1160091A680 /* Base */,
			);
			name = LaunchScreen.storyboard;
			sourceTree = "<group>";
		};
/* End PBXVariantGroup section */

/* Begin XCBuildConfiguration section */
		49D6641925A0E1160091A680 /* Debug */ = {
			isa = XCBuildConfiguration;
			buildSettings = {
				ALWAYS_SEARCH_USER_PATHS = NO;
				CLANG_ANALYZER_NONNULL = YES;
				CLANG_ANALYZER_NUMBER_OBJECT_CONVERSION = YES_AGGRESSIVE;
				CLANG_CXX_LANGUAGE_STANDARD = "gnu++14";
				CLANG_CXX_LIBRARY = "libc++";
				CLANG_ENABLE_MODULES = YES;
				CLANG_ENABLE_OBJC_ARC = YES;
				CLANG_ENABLE_OBJC_WEAK = YES;
				CLANG_WARN_BLOCK_CAPTURE_AUTORELEASING = YES;
				CLANG_WARN_BOOL_CONVERSION = YES;
				CLANG_WARN_COMMA = YES;
				CLANG_WARN_CONSTANT_CONVERSION = YES;
				CLANG_WARN_DEPRECATED_OBJC_IMPLEMENTATIONS = YES;
				CLANG_WARN_DIRECT_OBJC_ISA_USAGE = YES_ERROR;
				CLANG_WARN_DOCUMENTATION_COMMENTS = YES;
				CLANG_WARN_EMPTY_BODY = YES;
				CLANG_WARN_ENUM_CONVERSION = YES;
				CLANG_WARN_INFINITE_RECURSION = YES;
				CLANG_WARN_INT_CONVERSION = YES;
				CLANG_WARN_NON_LITERAL_NULL_CONVERSION = YES;
				CLANG_WARN_OBJC_IMPLICIT_RETAIN_SELF = YES;
				CLANG_WARN_OBJC_LITERAL_CONVERSION = YES;
				CLANG_WARN_OBJC_ROOT_CLASS = YES_ERROR;
				CLANG_WARN_QUOTED_INCLUDE_IN_FRAMEWORK_HEADER = YES;
				CLANG_WARN_RANGE_LOOP_ANALYSIS = YES;
				CLANG_WARN_STRICT_PROTOTYPES = YES;
				CLANG_WARN_SUSPICIOUS_MOVE = YES;
				CLANG_WARN_UNGUARDED_AVAILABILITY = YES_AGGRESSIVE;
				CLANG_WARN_UNREACHABLE_CODE = YES;
				CLANG_WARN__DUPLICATE_METHOD_MATCH = YES;
				COPY_PHASE_STRIP = NO;
				DEBUG_INFORMATION_FORMAT = dwarf;
				ENABLE_STRICT_OBJC_MSGSEND = YES;
				ENABLE_TESTABILITY = YES;
				GCC_C_LANGUAGE_STANDARD = gnu11;
				GCC_DYNAMIC_NO_PIC = NO;
				GCC_NO_COMMON_BLOCKS = YES;
				GCC_OPTIMIZATION_LEVEL = 0;
				GCC_PREPROCESSOR_DEFINITIONS = (
					"DEBUG=1",
					"$(inherited)",
				);
				GCC_WARN_64_TO_32_BIT_CONVERSION = YES;
				GCC_WARN_ABOUT_RETURN_TYPE = YES_ERROR;
				GCC_WARN_UNDECLARED_SELECTOR = YES;
				GCC_WARN_UNINITIALIZED_AUTOS = YES_AGGRESSIVE;
				GCC_WARN_UNUSED_FUNCTION = YES;
				GCC_WARN_UNUSED_VARIABLE = YES;
				IPHONEOS_DEPLOYMENT_TARGET = 14.3;
				MTL_ENABLE_DEBUG_INFO = INCLUDE_SOURCE;
				MTL_FAST_MATH = YES;
				ONLY_ACTIVE_ARCH = YES;
				SDKROOT = iphoneos;
				SWIFT_ACTIVE_COMPILATION_CONDITIONS = DEBUG;
				SWIFT_OPTIMIZATION_LEVEL = "-Onone";
			};
			name = Debug;
		};
		49D6641A25A0E1160091A680 /* Release */ = {
			isa = XCBuildConfiguration;
			buildSettings = {
				ALWAYS_SEARCH_USER_PATHS = NO;
				CLANG_ANALYZER_NONNULL = YES;
				CLANG_ANALYZER_NUMBER_OBJECT_CONVERSION = YES_AGGRESSIVE;
				CLANG_CXX_LANGUAGE_STANDARD = "gnu++14";
				CLANG_CXX_LIBRARY = "libc++";
				CLANG_ENABLE_MODULES = YES;
				CLANG_ENABLE_OBJC_ARC = YES;
				CLANG_ENABLE_OBJC_WEAK = YES;
				CLANG_WARN_BLOCK_CAPTURE_AUTORELEASING = YES;
				CLANG_WARN_BOOL_CONVERSION = YES;
				CLANG_WARN_COMMA = YES;
				CLANG_WARN_CONSTANT_CONVERSION = YES;
				CLANG_WARN_DEPRECATED_OBJC_IMPLEMENTATIONS = YES;
				CLANG_WARN_DIRECT_OBJC_ISA_USAGE = YES_ERROR;
				CLANG_WARN_DOCUMENTATION_COMMENTS = YES;
				CLANG_WARN_EMPTY_BODY = YES;
				CLANG_WARN_ENUM_CONVERSION = YES;
				CLANG_WARN_INFINITE_RECURSION = YES;
				CLANG_WARN_INT_CONVERSION = YES;
				CLANG_WARN_NON_LITERAL_NULL_CONVERSION = YES;
				CLANG_WARN_OBJC_IMPLICIT_RETAIN_SELF = YES;
				CLANG_WARN_OBJC_LITERAL_CONVERSION = YES;
				CLANG_WARN_OBJC_ROOT_CLASS = YES_ERROR;
				CLANG_WARN_QUOTED_INCLUDE_IN_FRAMEWORK_HEADER = YES;
				CLANG_WARN_RANGE_LOOP_ANALYSIS = YES;
				CLANG_WARN_STRICT_PROTOTYPES = YES;
				CLANG_WARN_SUSPICIOUS_MOVE = YES;
				CLANG_WARN_UNGUARDED_AVAILABILITY = YES_AGGRESSIVE;
				CLANG_WARN_UNREACHABLE_CODE = YES;
				CLANG_WARN__DUPLICATE_METHOD_MATCH = YES;
				COPY_PHASE_STRIP = NO;
				DEBUG_INFORMATION_FORMAT = "dwarf-with-dsym";
				ENABLE_NS_ASSERTIONS = NO;
				ENABLE_STRICT_OBJC_MSGSEND = YES;
				GCC_C_LANGUAGE_STANDARD = gnu11;
				GCC_NO_COMMON_BLOCKS = YES;
				GCC_WARN_64_TO_32_BIT_CONVERSION = YES;
				GCC_WARN_ABOUT_RETURN_TYPE = YES_ERROR;
				GCC_WARN_UNDECLARED_SELECTOR = YES;
				GCC_WARN_UNINITIALIZED_AUTOS = YES_AGGRESSIVE;
				GCC_WARN_UNUSED_FUNCTION = YES;
				GCC_WARN_UNUSED_VARIABLE = YES;
				IPHONEOS_DEPLOYMENT_TARGET = 14.3;
				MTL_ENABLE_DEBUG_INFO = NO;
				MTL_FAST_MATH = YES;
				SDKROOT = iphoneos;
				SWIFT_COMPILATION_MODE = wholemodule;
				SWIFT_OPTIMIZATION_LEVEL = "-O";
				VALIDATE_PRODUCT = YES;
			};
			name = Release;
		};
		49D6641C25A0E1160091A680 /* Debug */ = {
			isa = XCBuildConfiguration;
			buildSettings = {
				ASSETCATALOG_COMPILER_APPICON_NAME = AppIcon;
				ASSETCATALOG_COMPILER_GLOBAL_ACCENT_COLOR_NAME = AccentColor;
				CODE_SIGN_STYLE = Automatic;
				DEVELOPMENT_ASSET_PATHS = "\"Simple Budgeting/Preview Content\"";
				DEVELOPMENT_TEAM = ZQY5AA7NGF;
				ENABLE_PREVIEWS = YES;
				INFOPLIST_FILE = "Simple Budgeting/Info.plist";
				LD_RUNPATH_SEARCH_PATHS = (
					"$(inherited)",
					"@executable_path/Frameworks",
				);
				PRODUCT_BUNDLE_IDENTIFIER = "com.computerpile.Simple-Budgeting";
				PRODUCT_NAME = "$(TARGET_NAME)";
				SWIFT_VERSION = 5.0;
				TARGETED_DEVICE_FAMILY = "1,2";
			};
			name = Debug;
		};
		49D6641D25A0E1160091A680 /* Release */ = {
			isa = XCBuildConfiguration;
			buildSettings = {
				ASSETCATALOG_COMPILER_APPICON_NAME = AppIcon;
				ASSETCATALOG_COMPILER_GLOBAL_ACCENT_COLOR_NAME = AccentColor;
				CODE_SIGN_STYLE = Automatic;
				DEVELOPMENT_ASSET_PATHS = "\"Simple Budgeting/Preview Content\"";
				DEVELOPMENT_TEAM = ZQY5AA7NGF;
				ENABLE_PREVIEWS = YES;
				INFOPLIST_FILE = "Simple Budgeting/Info.plist";
				LD_RUNPATH_SEARCH_PATHS = (
					"$(inherited)",
					"@executable_path/Frameworks",
				);
				PRODUCT_BUNDLE_IDENTIFIER = "com.computerpile.Simple-Budgeting";
				PRODUCT_NAME = "$(TARGET_NAME)";
				SWIFT_VERSION = 5.0;
				TARGETED_DEVICE_FAMILY = "1,2";
			};
			name = Release;
		};
/* End XCBuildConfiguration section */

/* Begin XCConfigurationList section */
		49D663FF25A0E1160091A680 /* Build configuration list for PBXProject "Simple Budgeting" */ = {
			isa = XCConfigurationList;
			buildConfigurations = (
				49D6641925A0E1160091A680 /* Debug */,
				49D6641A25A0E1160091A680 /* Release */,
			);
			defaultConfigurationIsVisible = 0;
			defaultConfigurationName = Release;
		};
		49D6641B25A0E1160091A680 /* Build configuration list for PBXNativeTarget "Simple Budgeting" */ = {
			isa = XCConfigurationList;
			buildConfigurations = (
				49D6641C25A0E1160091A680 /* Debug */,
				49D6641D25A0E1160091A680 /* Release */,
			);
			defaultConfigurationIsVisible = 0;
			defaultConfigurationName = Release;
		};
/* End XCConfigurationList section */

/* Begin XCVersionGroup section */
		49D6640D25A0E1160091A680 /* Simple_Budgeting.xcdatamodeld */ = {
			isa = XCVersionGroup;
			children = (
				49D6640E25A0E1160091A680 /* Simple_Budgeting.xcdatamodel */,
			);
			currentVersion = 49D6640E25A0E1160091A680 /* Simple_Budgeting.xcdatamodel */;
			path = Simple_Budgeting.xcdatamodeld;
			sourceTree = "<group>";
			versionGroupType = wrapper.xcdatamodel;
		};
/* End XCVersionGroup section */
	};
	rootObject = 49D663FC25A0E1160091A680 /* Project object */;
}
